
Microsoft Visual Studio Solution File, Format Version 12.00
Project("{FAE04EC0-301F-11D3-BF4B-00C04F79EFBC}") = "MinimalAPI", "MinimalAPI\MinimalAPI.csproj", "{22BC85C6-0CAF-4AFB-B6B3-C36412CF1F2C}"
EndProject
Project("{FAE04EC0-301F-11D3-BF4B-00C04F79EFBC}") = "MinimalAPI.Core", "MinimalAPI.Core\MinimalAPI.Core.csproj", "{F14F4E2B-EA51-4169-B48C-089F8F37E80B}"
EndProject
Project("{FAE04EC0-301F-11D3-BF4B-00C04F79EFBC}") = "MinimalAPI.Application", "MinimalAPI.Application\MinimalAPI.Application.csproj", "{1A19F4F0-BC05-40E1-973E-48C6A97B063E}"
EndProject
Project("{FAE04EC0-301F-11D3-BF4B-00C04F79EFBC}") = "MinimalAPI.Infra", "MinimalAPI.Infra\MinimalAPI.Infra.csproj", "{D184948C-2B4B-4F9D-A1E7-B77733A9D3AE}"
EndProject
Global
	GlobalSection(SolutionConfigurationPlatforms) = preSolution
		Debug|Any CPU = Debug|Any CPU
		Release|Any CPU = Release|Any CPU
	EndGlobalSection
	GlobalSection(ProjectConfigurationPlatforms) = postSolution
		{22BC85C6-0CAF-4AFB-B6B3-C36412CF1F2C}.Debug|Any CPU.ActiveCfg = Debug|Any CPU
		{22BC85C6-0CAF-4AFB-B6B3-C36412CF1F2C}.Debug|Any CPU.Build.0 = Debug|Any CPU
		{22BC85C6-0CAF-4AFB-B6B3-C36412CF1F2C}.Release|Any CPU.ActiveCfg = Release|Any CPU
		{22BC85C6-0CAF-4AFB-B6B3-C36412CF1F2C}.Release|Any CPU.Build.0 = Release|Any CPU
		{F14F4E2B-EA51-4169-B48C-089F8F37E80B}.Debug|Any CPU.ActiveCfg = Debug|Any CPU
		{F14F4E2B-EA51-4169-B48C-089F8F37E80B}.Debug|Any CPU.Build.0 = Debug|Any CPU
		{F14F4E2B-EA51-4169-B48C-089F8F37E80B}.Release|Any CPU.ActiveCfg = Release|Any CPU
		{F14F4E2B-EA51-4169-B48C-089F8F37E80B}.Release|Any CPU.Build.0 = Release|Any CPU
		{1A19F4F0-BC05-40E1-973E-48C6A97B063E}.Debug|Any CPU.ActiveCfg = Debug|Any CPU
		{1A19F4F0-BC05-40E1-973E-48C6A97B063E}.Debug|Any CPU.Build.0 = Debug|Any CPU
		{1A19F4F0-BC05-40E1-973E-48C6A97B063E}.Release|Any CPU.ActiveCfg = Release|Any CPU
		{1A19F4F0-BC05-40E1-973E-48C6A97B063E}.Release|Any CPU.Build.0 = Release|Any CPU
		{D184948C-2B4B-4F9D-A1E7-B77733A9D3AE}.Debug|Any CPU.ActiveCfg = Debug|Any CPU
		{D184948C-2B4B-4F9D-A1E7-B77733A9D3AE}.Debug|Any CPU.Build.0 = Debug|Any CPU
		{D184948C-2B4B-4F9D-A1E7-B77733A9D3AE}.Release|Any CPU.ActiveCfg = Release|Any CPU
		{D184948C-2B4B-4F9D-A1E7-B77733A9D3AE}.Release|Any CPU.Build.0 = Release|Any CPU
	EndGlobalSection
EndGlobal
